
Microsoft Visual Studio Solution File, Format Version 12.00
# Visual Studio Version 16
VisualStudioVersion = 16.0.32630.194
MinimumVisualStudioVersion = 10.0.40219.1
Project("{FAE04EC0-301F-11D3-BF4B-00C04F79EFBC}") = "Product", "Product.csproj", "{C6FF444A-7CFD-4A8D-9D31-CFC257E7C2F9}"
EndProject
Project("{FAE04EC0-301F-11D3-BF4B-00C04F79EFBC}") = "Product.Test", "..\Prod.Test\Product.Test.csproj", "{FC27A007-790F-462A-A201-D8A18EB4A838}"
EndProject
Global
	GlobalSection(SolutionConfigurationPlatforms) = preSolution
		Debug|Any CPU = Debug|Any CPU
		Release|Any CPU = Release|Any CPU
	EndGlobalSection
	GlobalSection(ProjectConfigurationPlatforms) = postSolution
		{C6FF444A-7CFD-4A8D-9D31-CFC257E7C2F9}.Debug|Any CPU.ActiveCfg = Debug|Any CPU
		{C6FF444A-7CFD-4A8D-9D31-CFC257E7C2F9}.Debug|Any CPU.Build.0 = Debug|Any CPU
		{C6FF444A-7CFD-4A8D-9D31-CFC257E7C2F9}.Release|Any CPU.ActiveCfg = Release|Any CPU
		{C6FF444A-7CFD-4A8D-9D31-CFC257E7C2F9}.Release|Any CPU.Build.0 = Release|Any CPU
		{FC27A007-790F-462A-A201-D8A18EB4A838}.Debug|Any CPU.ActiveCfg = Debug|Any CPU
		{FC27A007-790F-462A-A201-D8A18EB4A838}.Debug|Any CPU.Build.0 = Debug|Any CPU
		{FC27A007-790F-462A-A201-D8A18EB4A838}.Release|Any CPU.ActiveCfg = Release|Any CPU
		{FC27A007-790F-462A-A201-D8A18EB4A838}.Release|Any CPU.Build.0 = Release|Any CPU
	EndGlobalSection
	GlobalSection(SolutionProperties) = preSolution
		HideSolutionNode = FALSE
	EndGlobalSection
	GlobalSection(ExtensibilityGlobals) = postSolution
		SolutionGuid = {606124B1-8402-4FF6-85A0-0D3B4AE498D5}
	EndGlobalSection
EndGlobal
